
Microsoft Visual Studio Solution File, Format Version 12.00
# Visual Studio Version 17
VisualStudioVersion = 17.13.35919.96
MinimumVisualStudioVersion = 10.0.40219.1
Project("{8BC9CEB8-8B4A-11D0-8D11-00A0C91BC942}") = "NEM_V2", "NEM_V2\NEM_V2.vcxproj", "{016674F2-51A2-4E5B-B982-9E60B9663279}"
EndProject
Global
	GlobalSection(SolutionConfigurationPlatforms) = preSolution
		Debug|x64 = Debug|x64
		Debug|x86 = Debug|x86
		Release|x64 = Release|x64
		Release|x86 = Release|x86
	EndGlobalSection
	GlobalSection(ProjectConfigurationPlatforms) = postSolution
		{016674F2-51A2-4E5B-B982-9E60B9663279}.Debug|x64.ActiveCfg = Debug|x64
		{016674F2-51A2-4E5B-B982-9E60B9663279}.Debug|x64.Build.0 = Debug|x64
		{016674F2-51A2-4E5B-B982-9E60B9663279}.Debug|x86.ActiveCfg = Debug|Win32
		{016674F2-51A2-4E5B-B982-9E60B9663279}.Debug|x86.Build.0 = Debug|Win32
		{016674F2-51A2-4E5B-B982-9E60B9663279}.Release|x64.ActiveCfg = Release|x64
		{016674F2-51A2-4E5B-B982-9E60B9663279}.Release|x64.Build.0 = Release|x64
		{016674F2-51A2-4E5B-B982-9E60B9663279}.Release|x86.ActiveCfg = Release|Win32
		{016674F2-51A2-4E5B-B982-9E60B9663279}.Release|x86.Build.0 = Release|Win32
	EndGlobalSection
	GlobalSection(SolutionProperties) = preSolution
		HideSolutionNode = FALSE
	EndGlobalSection
	GlobalSection(ExtensibilityGlobals) = postSolution
		SolutionGuid = {9FF6DF07-17A9-4303-892B-75001297799C}
	EndGlobalSection
EndGlobal
